{
  "name": "51-clasificador_luis_stemmer",
  "version": "1.0.0",
  "lockfileVersion": 1,
  "requires": true,
  "dependencies": {
    "@nlpjs/core": {
      "version": "4.6.0",
      "resolved": "https://registry.npmjs.org/@nlpjs/core/-/core-4.6.0.tgz",
      "integrity": "sha512-fz3YwFWbXVLUwat7bwwF1z76vxMFHLJ13BGPytkHN198cmD/N+AJ8RLnhjduAShv4ai9LH5xXK0cJS1HdHJFQg=="
    },
    "@nlpjs/lang-es": {
      "version": "4.9.3",
      "resolved": "https://registry.npmjs.org/@nlpjs/lang-es/-/lang-es-4.9.3.tgz",
      "integrity": "sha512-bT1fFeo+aRbhnZ265JbF8Lg/ObdYOInFUiW8YC8UZsYSzlbBNVYFC+a1goHvAtTbh+lFXXnD5LovCW5wDS3asQ==",
      "requires": {
        "@nlpjs/core": "^4.9.3"
      },
      "dependencies": {
        "@nlpjs/core": {
          "version": "4.9.3",
          "resolved": "https://registry.npmjs.org/@nlpjs/core/-/core-4.9.3.tgz",
          "integrity": "sha512-JWeusWPjj6Sc3B9phUqSOEhKFZ0pAmNvybAG3Ad0Z+Z22h5DRhvnyrhYcjwtwjsMcI2n1LKXmcerYwqWeIJqdw=="
        }
      }
    },
    "@nlpjs/language-min": {
      "version": "4.6.0",
      "resolved": "https://registry.npmjs.org/@nlpjs/language-min/-/language-min-4.6.0.tgz",
      "integrity": "sha512-WuWv7oCih/Eajj//A7kCn6Q6AelQEvwY7clF2M9bolXujLjh/J0GLE7sGnau8gmV5LdN4ZVbiNUpqdaz1F63ow=="
    },
    "@nlpjs/neural": {
      "version": "4.8.1",
      "resolved": "https://registry.npmjs.org/@nlpjs/neural/-/neural-4.8.1.tgz",
      "integrity": "sha512-TSArbGJiUxFpGN1PFE3XukPiZQbdHruMKqgIBXKps3p5n+k5Yx6ZTwQEGtL1G+c66Y4lDillNu/4euXQrEKYzg==",
      "requires": {
        "@nlpjs/core": "^4.6.0"
      }
    },
    "@nlpjs/nlu": {
      "version": "4.8.1",
      "resolved": "https://registry.npmjs.org/@nlpjs/nlu/-/nlu-4.8.1.tgz",
      "integrity": "sha512-wyW0rAqaqPHMzeX2FzqkIcTR7KY4LF2X0QKGLnJ4s/TK9CigMeMLPK9C9KJo6tX/ZRP+2W1mOkny+nenyZreLw==",
      "requires": {
        "@nlpjs/core": "^4.6.0",
        "@nlpjs/language-min": "^4.6.0",
        "@nlpjs/neural": "^4.8.1",
        "@nlpjs/similarity": "^4.0.0-rc.4"
      }
    },
    "@nlpjs/nlu-luis": {
      "version": "4.8.1",
      "resolved": "https://registry.npmjs.org/@nlpjs/nlu-luis/-/nlu-luis-4.8.1.tgz",
      "integrity": "sha512-DGpbqmuk23rGh9pSVYFXlvN71gnFa9IgWhtmPsFAVmPycHPh7V5N4tmJ0RZhePnSR9IVfRo40aS8hGCwFSkwQQ==",
      "requires": {
        "@nlpjs/core": "^4.6.0",
        "@nlpjs/nlu": "^4.8.1",
        "@nlpjs/request": "^4.6.0"
      }
    },
    "@nlpjs/request": {
      "version": "4.6.0",
      "resolved": "https://registry.npmjs.org/@nlpjs/request/-/request-4.6.0.tgz",
      "integrity": "sha512-ZG5a1B5s9luAB9UB9h8gQc0xaeUii9sf3MjRhPi+6HHumUMi9i0dRxKIGJvRPEwyGr7ECN9/SdVQFtvdIZS15g==",
      "requires": {
        "https-proxy-agent": "^5.0.0"
      }
    },
    "@nlpjs/similarity": {
      "version": "4.0.0-rc.4",
      "resolved": "https://registry.npmjs.org/@nlpjs/similarity/-/similarity-4.0.0-rc.4.tgz",
      "integrity": "sha512-S5zC6JbISyLtZkLF86qU5T4X5kolibvmY7DCHQICsWsu/P7xDQEQ9whRCM4NO3bypnvQefRsljsAGCCC462eWw=="
    },
    "agent-base": {
      "version": "6.0.1",
      "resolved": "https://registry.npmjs.org/agent-base/-/agent-base-6.0.1.tgz",
      "integrity": "sha512-01q25QQDwLSsyfhrKbn8yuur+JNw0H+0Y4JiGIKd3z9aYk/w/2kxD/Upc+t2ZBBSUNff50VjPsSW2YxM8QYKVg==",
      "requires": {
        "debug": "4"
      }
    },
    "debug": {
      "version": "4.1.1",
      "resolved": "https://registry.npmjs.org/debug/-/debug-4.1.1.tgz",
      "integrity": "sha512-pYAIzeRo8J6KPEaJ0VWOh5Pzkbw/RetuzehGM7QRRX5he4fPHx2rdKMB256ehJCkX+XRQm16eZLqLNS8RSZXZw==",
      "requires": {
        "ms": "^2.1.1"
      }
    },
    "dotenv": {
      "version": "8.2.0",
      "resolved": "https://registry.npmjs.org/dotenv/-/dotenv-8.2.0.tgz",
      "integrity": "sha512-8sJ78ElpbDJBHNeBzUbUVLsqKdccaa/BXF1uPTw3GrvQTBgrQrtObr2mUrE38vzYd8cEv+m/JBfDLioYcfXoaw=="
    },
    "https-proxy-agent": {
      "version": "5.0.0",
      "resolved": "https://registry.npmjs.org/https-proxy-agent/-/https-proxy-agent-5.0.0.tgz",
      "integrity": "sha512-EkYm5BcKUGiduxzSt3Eppko+PiNWNEpa4ySk9vTC6wDsQJW9rHSa+UhGNJoRYp7bz6Ht1eaRIa6QaJqO5rCFbA==",
      "requires": {
        "agent-base": "6",
        "debug": "4"
      }
    },
    "ms": {
      "version": "2.1.2",
      "resolved": "https://registry.npmjs.org/ms/-/ms-2.1.2.tgz",
      "integrity": "sha512-sGkPx+VjMtmA6MX27oA4FBFELFCZZ4S4XqeGOXCv68tT+jb3vk/RyaKWP0PTKyWtmLSM0b+adUTEvbs1PEaH2w=="
    }
  }
}
