{
  "name": "55-precedir_idioma_nlpjs",
  "version": "1.0.0",
  "lockfileVersion": 1,
  "requires": true,
  "dependencies": {
    "@nlpjs/language": {
      "version": "4.6.0",
      "resolved": "https://registry.npmjs.org/@nlpjs/language/-/language-4.6.0.tgz",
      "integrity": "sha512-+InhOhKvQf0nNcYIURSs2cwY9GFUoAjpQnXzQuzDH27oID1qxKfLAqEZ8ep/oeA569RK7Uh0UaSf4cRAGv1NaQ=="
    }
  }
}
