{
  "name": "50-clasificador_nlpjs_stemmer",
  "version": "1.0.0",
  "lockfileVersion": 1,
  "requires": true,
  "dependencies": {
    "@nlpjs/core": {
      "version": "4.9.3",
      "resolved": "https://registry.npmjs.org/@nlpjs/core/-/core-4.9.3.tgz",
      "integrity": "sha512-JWeusWPjj6Sc3B9phUqSOEhKFZ0pAmNvybAG3Ad0Z+Z22h5DRhvnyrhYcjwtwjsMcI2n1LKXmcerYwqWeIJqdw=="
    },
    "@nlpjs/lang-es": {
      "version": "4.9.3",
      "resolved": "https://registry.npmjs.org/@nlpjs/lang-es/-/lang-es-4.9.3.tgz",
      "integrity": "sha512-bT1fFeo+aRbhnZ265JbF8Lg/ObdYOInFUiW8YC8UZsYSzlbBNVYFC+a1goHvAtTbh+lFXXnD5LovCW5wDS3asQ==",
      "requires": {
        "@nlpjs/core": "^4.9.3"
      }
    },
    "@nlpjs/neural": {
      "version": "4.9.3",
      "resolved": "https://registry.npmjs.org/@nlpjs/neural/-/neural-4.9.3.tgz",
      "integrity": "sha512-8pZeBk1AlCLOMFZuj1iLUZk7/qvPFyNlBzV2UwXcM3Dfsq7sHPdNSX5Z6ZezmsBkhvffvm8J7iklT8YogAPjXw==",
      "requires": {
        "@nlpjs/core": "^4.9.3"
      }
    }
  }
}
